# This file is automatically @generated by Poetry 1.8.5 and should not be changed by hand.

[[package]]
name = "certifi"
version = "2024.12.14"
description = "Python package for providing Mozilla's CA Bundle."
optional = false
python-versions = ">=3.6"
files = [
    {file = "certifi-2024.12.14-py3-none-any.whl", hash = "sha256:1275f7a45be9464efc1173084eaa30f866fe2e47d389406136d332ed4967ec56"},
    {file = "certifi-2024.12.14.tar.gz", hash = "sha256:b650d30f370c2b724812bee08008be0c4163b163ddaec3f2546c1caf65f191db"},
]

[package.source]
type = "legacy"
url = "https://pypi.repo.ops.example.com/upstream/pypi.org/simple"
reference = "PyPI proxy"

[[package]]
name = "future"
version = "1.0.0"
description = "Clean single-source support for Python 3 and 2"
optional = false
python-versions = ">=2.6, !=3.0.*, !=3.1.*, !=3.2.*"
files = [
    {file = "future-1.0.0-py3-none-any.whl", hash = "sha256:929292d34f5872e70396626ef385ec22355a1fae8ad29e1a734c3e43f9fbc216"},
    {file = "future-1.0.0.tar.gz", hash = "sha256:bd2968309307861edae1458a4f8a4f3598c03be43b97521076aebf5d94c07b05"},
]

[package.source]
type = "legacy"
url = "https://pypi.repo.ops.example.com/upstream/pypi.org/simple"
reference = "PyPI proxy"

[[package]]
name = "motor"
version = "2.5.1"
description = "Non-blocking MongoDB driver for Tornado or asyncio"
optional = false
python-versions = ">=3.5.2"
files = [
    {file = "motor-2.5.1-py3-none-any.whl", hash = "sha256:961fdceacaae2c7236c939166f66415be81be8bbb762da528386738de3a0f509"},
    {file = "motor-2.5.1.tar.gz", hash = "sha256:663473f4498f955d35db7b6f25651cb165514c247136f368b84419cb7635f6b8"},
]

[package.dependencies]
pymongo = ">=3.12,<4"

[package.extras]
encryption = ["pymongo[encryption] (>=3.12,<4)"]

[package.source]
type = "legacy"
url = "https://pypi.repo.ops.example.com/upstream/pypi.org/simple"
reference = "PyPI proxy"

[[package]]
name = "prometheus-client"
version = "0.14.1"
description = "Python client for the Prometheus monitoring system."
optional = false
python-versions = ">=3.6"
files = [
    {file = "prometheus_client-0.14.1-py3-none-any.whl", hash = "sha256:522fded625282822a89e2773452f42df14b5a8e84a86433e3f8a189c1d54dc01"},
    {file = "prometheus_client-0.14.1.tar.gz", hash = "sha256:5459c427624961076277fdc6dc50540e2bacb98eebde99886e59ec55ed92093a"},
]

[package.extras]
twisted = ["twisted"]

[package.source]
type = "legacy"
url = "https://pypi.repo.ops.example.com/upstream/pypi.org/simple"
reference = "PyPI proxy"

[[package]]
name = "pymongo"
version = "3.13.0"
description = "Python driver for MongoDB <http://www.mongodb.org>"
optional = false
python-versions = "*"
files = [
    {file = "pymongo-3.13.0-cp27-cp27m-macosx_10_14_intel.whl", hash = "sha256:3ad3a3df830f7df7e0856c2bdb54d19f5bf188bd7420985e18643b8e4d2a075f"},
    {file = "pymongo-3.13.0-cp27-cp27m-manylinux1_i686.whl", hash = "sha256:b96e0e9d2d48948240b510bac81614458fc10adcd3a93240c2fd96448b4efd35"},
    {file = "pymongo-3.13.0-cp27-cp27m-manylinux1_x86_64.whl", hash = "sha256:9f592b202d77923498b32ddc5b376e5fa9ba280d3e16ed56cb8c932fe6d6a478"},
    {file = "pymongo-3.13.0-cp27-cp27m-manylinux_2_5_i686.manylinux1_i686.whl", hash = "sha256:851f2bb52b5cb2f4711171ca925e0e05344a8452972a748a8a8ffdda1e1d72a7"},
    {file = "pymongo-3.13.0-cp27-cp27m-manylinux_2_5_x86_64.manylinux1_x86_64.whl", hash = "sha256:1c9d23f62a3fa7523d849c4942acc0d9ff7081ebc00c808ee7cfdc070df0687f"},
    {file = "pymongo-3.13.0-cp27-cp27m-win32.whl", hash = "sha256:a17b81f22398e3e0f72bdf938e98c810286994b2bcc0a125cd5ad8fd4ea54ad7"},
    {file = "pymongo-3.13.0-cp27-cp27m-win_amd64.whl", hash = "sha256:4f6dd55dab77adf60b445c11f426ee5cdfa1b86f6d54cb937bfcbf09572333ab"},
    {file = "pymongo-3.13.0-cp27-cp27mu-manylinux1_i686.whl", hash = "sha256:776f90bf2252f90a4ae838e7917638894c6356bef7265f424592e2fd1f577d05"},
    {file = "pymongo-3.13.0-cp27-cp27mu-manylinux1_x86_64.whl", hash = "sha256:50b99f4d3eee6f03778fe841d6f470e6c18e744dc665156da6da3bc6e65b398d"},
    {file = "pymongo-3.13.0-cp27-cp27mu-manylinux_2_5_i686.manylinux1_i686.whl", hash = "sha256:50a81b2d9f188c7909e0a1084fa969bb92a788076809c437ac1ae80393f46df9"},
    {file = "pymongo-3.13.0-cp27-cp27mu-manylinux_2_5_x86_64.manylinux1_x86_64.whl", hash = "sha256:c7c45a8a1a752002b0a7c81ab3a4c5e3b6f67f9826b16fbe3943f5329f565f24"},
    {file = "pymongo-3.13.0-cp310-cp310-macosx_10_9_universal2.whl", hash = "sha256:1037097708498bdc85f23c8798a5c46c7bce432d77d23608ff14e0d831f1a971"},
    {file = "pymongo-3.13.0-cp310-cp310-manylinux1_i686.whl", hash = "sha256:b5b733694e7df22d5c049581acfc487695a6ff813322318bed8dd66f79978636"},
    {file = "pymongo-3.13.0-cp310-cp310-manylinux2014_aarch64.whl", hash = "sha256:d7c91747ec8dde51440dd594603158cc98abb3f7df84b2ed8a836f138285e4fb"},
    {file = "pymongo-3.13.0-cp310-cp310-manylinux2014_i686.whl", hash = "sha256:f4175fcdddf764d371ee52ec4505a40facee2533e84abf2953cda86d050cfa1f"},
    {file = "pymongo-3.13.0-cp310-cp310-manylinux2014_ppc64le.whl", hash = "sha256:93d4e9a02c17813b34e4bd9f6fbf07310c140c8f74341537c24d07c1cdeb24d1"},
    {file = "pymongo-3.13.0-cp310-cp310-manylinux2014_s390x.whl", hash = "sha256:3b261d593f2563299062733ae003a925420a86ff4ddda68a69097d67204e43f3"},
    {file = "pymongo-3.13.0-cp310-cp310-manylinux2014_x86_64.whl", hash = "sha256:172db03182a22e9002157b262c1ea3b0045c73d4ff465adc152ce5b4b0e7b8d4"},
    {file = "pymongo-3.13.0-cp310-cp310-manylinux_2_17_aarch64.manylinux2014_aarch64.whl", hash = "sha256:09de3bfc995ae8cb955abb0c9ae963c134dba1b5622be3bcc527b89b0fd4091c"},
    {file = "pymongo-3.13.0-cp310-cp310-manylinux_2_17_ppc64le.manylinux2014_ppc64le.whl", hash = "sha256:c0379447587ee4b8f983ba183202496e86c0358f47c45612619d634d1fcd82bd"},
    {file = "pymongo-3.13.0-cp310-cp310-manylinux_2_17_s390x.manylinux2014_s390x.whl", hash = "sha256:30245a8747dc90019a3c9ad9df987e0280a3ea632ad36227cde7d1d8dcba0830"},
    {file = "pymongo-3.13.0-cp310-cp310-manylinux_2_17_x86_64.manylinux2014_x86_64.whl", hash = "sha256:65b6fddf6a7b91da044f202771a38e71bbb9bf42720a406b26b25fe2256e7102"},
    {file = "pymongo-3.13.0-cp310-cp310-manylinux_2_5_i686.manylinux1_i686.manylinux_2_17_i686.manylinux2014_i686.whl", hash = "sha256:5831a377d15a626fbec10890ffebc4c6abcd37e4126737932cd780a171eabdc1"},
    {file = "pymongo-3.13.0-cp310-cp310-win32.whl", hash = "sha256:944249aa83dee314420c37d0f40c30a8f6dc4a3877566017b87062e53af449f4"},
    {file = "pymongo-3.13.0-cp310-cp310-win_amd64.whl", hash = "sha256:ea8824ebc9a1a5c8269e8f1e3989b5a6bec876726e2f3c33ebd036cb488277f0"},
    {file = "pymongo-3.13.0-cp311-cp311-macosx_10_9_universal2.whl", hash = "sha256:bdd34c57b4da51a7961beb33645646d197e41f8517801dc76b37c1441e7a4e10"},
    {file = "pymongo-3.13.0-cp311-cp311-manylinux_2_17_aarch64.manylinux2014_aarch64.whl", hash = "sha256:26f9cc42a162faa241c82e117ac85734ae9f14343dc2df1c90c6b2181f791b22"},
    {file = "pymongo-3.13.0-cp311-cp311-manylinux_2_17_ppc64le.manylinux2014_ppc64le.whl", hash = "sha256:4a82a1c10f5608e6494913faa169e213d703194bfca0aa710901f303be212414"},
    {file = "pymongo-3.13.0-cp311-cp311-manylinux_2_17_s390x.manylinux2014_s390x.whl", hash = "sha256:8927f22ef6a16229da7f18944deac8605bdc2c0858be5184259f2f7ce7fd4459"},
    {file = "pymongo-3.13.0-cp311-cp311-manylinux_2_17_x86_64.manylinux2014_x86_64.whl", hash = "sha256:e6f8191a282ef77e526f8f8f63753a437e4aa4bc78f5edd8b6b6ed0eaebd5363"},
    {file = "pymongo-3.13.0-cp311-cp311-manylinux_2_5_i686.manylinux1_i686.manylinux_2_17_i686.manylinux2014_i686.whl", hash = "sha256:4d9ed67c987bf9ac2ac684590ba3d2599cdfb0f331ee3db607f9684469b3b59d"},
    {file = "pymongo-3.13.0-cp311-cp311-win32.whl", hash = "sha256:e8f6979664ff477cd61b06bf8aba206df7b2334209815ab3b1019931dab643d6"},
    {file = "pymongo-3.13.0-cp311-cp311-win_amd64.whl", hash = "sha256:174fd1000e896d0dfbc7f6d7e6a1992a4868796c7dec31679e38218c78d6a942"},
    {file = "pymongo-3.13.0-cp35-cp35m-macosx_10_6_intel.whl", hash = "sha256:d1ee773fb72ba024e7e3bb6ea8907fe52bccafcb5184aaced6bad995bd30ea20"},
    {file = "pymongo-3.13.0-cp35-cp35m-manylinux1_i686.whl", hash = "sha256:28565e3dbd69fe5fe35a210067064dbb6ed5abe997079f653c19c873c3896fe6"},
    {file = "pymongo-3.13.0-cp35-cp35m-manylinux1_x86_64.whl", hash = "sha256:5c1db7d366004d6c699eb08c716a63ae0a3e946d061cbebea65d7ce361950265"},
    {file = "pymongo-3.13.0-cp35-cp35m-manylinux_2_5_i686.manylinux1_i686.whl", hash = "sha256:e1956f3338c10308e2f99c2c9ff46ae412035cbcd7aaa76c39ccdb806854a247"},
    {file = "pymongo-3.13.0-cp35-cp35m-manylinux_2_5_x86_64.manylinux1_x86_64.whl", hash = "sha256:10f0fddc1d63ba3d4a4bffcc7720184c1b7efd570726ad5e2f55818da320239f"},
    {file = "pymongo-3.13.0-cp35-cp35m-win32.whl", hash = "sha256:570ae3365b23d4fd8c669cb57613b1a90b2757e993588d3370ef90945dbeec4b"},
    {file = "pymongo-3.13.0-cp35-cp35m-win_amd64.whl", hash = "sha256:79f777eaf3f5b2c6d81f9ef00d87837001d7063302503bbcbfdbf3e9bc27c96f"},
    {file = "pymongo-3.13.0-cp36-cp36m-macosx_10_6_intel.whl", hash = "sha256:d42eb29ba314adfd9c11234b4b646f61b0448bf9b00f14db4b317e6e4b947e77"},
    {file = "pymongo-3.13.0-cp36-cp36m-manylinux1_i686.whl", hash = "sha256:e5e87c0eb774561c546f979342a8ff36ebee153c60a0b6c6b03ba989ceb9538c"},
    {file = "pymongo-3.13.0-cp36-cp36m-manylinux1_x86_64.whl", hash = "sha256:0f2c5a5984599a88d087a15859860579b825098b473d8c843f1979a83d159f2e"},
    {file = "pymongo-3.13.0-cp36-cp36m-manylinux2014_aarch64.whl", hash = "sha256:59c98e86c5e861032b71e6e5b65f23e6afaacea6e82483b66f1191a5021a7b4f"},
    {file = "pymongo-3.13.0-cp36-cp36m-manylinux2014_i686.whl", hash = "sha256:70b67390e27e58876853efbb87e43c85252de2515e2887f7dd901b4fa3d21973"},
    {file = "pymongo-3.13.0-cp36-cp36m-manylinux2014_ppc64le.whl", hash = "sha256:42ba8606492d76e6f9e4c7a458ed4bc712603be393259a52450345f0945da2cf"},
    {file = "pymongo-3.13.0-cp36-cp36m-manylinux2014_s390x.whl", hash = "sha256:0e5536994cf2d8488c6fd9dea71df3c4dbb3e0d2ba5e695da06d9142a29a0969"},
    {file = "pymongo-3.13.0-cp36-cp36m-manylinux2014_x86_64.whl", hash = "sha256:fe8194f107f0fa3cabd14e9e809f174eca335993c1db72d1e74e0f496e7afe1f"},
    {file = "pymongo-3.13.0-cp36-cp36m-manylinux_2_17_aarch64.manylinux2014_aarch64.whl", hash = "sha256:d593d50815771f517d3ac4367ff716e3f3c78edae51d98e1e25791459f8848ff"},
    {file = "pymongo-3.13.0-cp36-cp36m-manylinux_2_17_ppc64le.manylinux2014_ppc64le.whl", hash = "sha256:5136ebe8da6a1604998a8eb96be55935aa5f7129c41cc7bddc400d48e8df43be"},
    {file = "pymongo-3.13.0-cp36-cp36m-manylinux_2_17_s390x.manylinux2014_s390x.whl", hash = "sha256:a424bdedfd84454d2905a861e0d4bb947cc5bd024fdeb3600c1a97d2be0f4255"},
    {file = "pymongo-3.13.0-cp36-cp36m-manylinux_2_17_x86_64.manylinux2014_x86_64.whl", hash = "sha256:e5161167b3840e9c84c80f2534ea6a099f51749d5673b662a3dd248be17c3208"},
    {file = "pymongo-3.13.0-cp36-cp36m-manylinux_2_5_i686.manylinux1_i686.manylinux_2_17_i686.manylinux2014_i686.whl", hash = "sha256:644470442beaf969df99c4e00367a817eee05f0bba5d888f1ba6fe97b5e1c102"},
    {file = "pymongo-3.13.0-cp36-cp36m-manylinux_2_5_i686.manylinux1_i686.whl", hash = "sha256:2406df90b2335371706c59b7d79e9633b81ed2a7ecd48c1faf8584552bdf2d90"},
    {file = "pymongo-3.13.0-cp36-cp36m-manylinux_2_5_x86_64.manylinux1_x86_64.whl", hash = "sha256:222591b828de10ac90064047b5d4916953f38c38b155009c4b8b5e0d33117c2b"},
    {file = "pymongo-3.13.0-cp36-cp36m-win32.whl", hash = "sha256:7cb987b199fa223ad78eebaa9fbc183d5a5944bfe568a9d6f617316ca1c1f32f"},
    {file = "pymongo-3.13.0-cp36-cp36m-win_amd64.whl", hash = "sha256:a6cbb73d9fc2282677e2b7a137d13da987bd0b13abd88ed27bba5534c226db06"},
    {file = "pymongo-3.13.0-cp37-cp37m-macosx_10_6_intel.whl", hash = "sha256:b1223b826acbef07a7f5eb9bf37247b0b580119916dca9eae19d92b1290f5855"},
    {file = "pymongo-3.13.0-cp37-cp37m-manylinux1_i686.whl", hash = "sha256:398fb86d374dc351a4abc2e24cd15e5e14b2127f6d90ce0df3fdf2adcc55ac1b"},
    {file = "pymongo-3.13.0-cp37-cp37m-manylinux1_x86_64.whl", hash = "sha256:9c3d07ea19cd2856d9943dce37e75d69ecbb5baf93c3e4c82f73b6075c481292"},
    {file = "pymongo-3.13.0-cp37-cp37m-manylinux2014_aarch64.whl", hash = "sha256:2943d739715f265a2983ac43747595b6af3312d0a370614040959fd293763adf"},
    {file = "pymongo-3.13.0-cp37-cp37m-manylinux2014_i686.whl", hash = "sha256:c3b70ed82f20d18d22eafc9bda0ea656605071762f7d31f3c5afc35c59d3393b"},
    {file = "pymongo-3.13.0-cp37-cp37m-manylinux2014_ppc64le.whl", hash = "sha256:7ec2bb598847569ae34292f580842d37619eea3e546005042f485e15710180d5"},
    {file = "pymongo-3.13.0-cp37-cp37m-manylinux2014_s390x.whl", hash = "sha256:8cc37b437cba909bef06499dadd91a39c15c14225e8d8c7870020049f8a549fe"},
    {file = "pymongo-3.13.0-cp37-cp37m-manylinux2014_x86_64.whl", hash = "sha256:65a063970e15a4f338f14b820561cf6cdaf2839691ac0adb2474ddff9d0b8b0b"},
    {file = "pymongo-3.13.0-cp37-cp37m-manylinux_2_17_aarch64.manylinux2014_aarch64.whl", hash = "sha256:02f0e1a75d3bc0e16c7e15daf9c56185642be055e425f3b34888fc6eb1b22401"},
    {file = "pymongo-3.13.0-cp37-cp37m-manylinux_2_17_ppc64le.manylinux2014_ppc64le.whl", hash = "sha256:16e74b9c2aca2734c7f49f00fe68d6830a30d26df60e2ace7fe40ccb92087b94"},
    {file = "pymongo-3.13.0-cp37-cp37m-manylinux_2_17_s390x.manylinux2014_s390x.whl", hash = "sha256:24e954be35ad4537840f20bbc8d75320ae647d3cb4fab12cb8fcd2d55f408e76"},
    {file = "pymongo-3.13.0-cp37-cp37m-manylinux_2_17_x86_64.manylinux2014_x86_64.whl", hash = "sha256:a149377d1ff766fd618500798d0d94637f66d0ae222bb6d28f41f3e15c626297"},
    {file = "pymongo-3.13.0-cp37-cp37m-manylinux_2_5_i686.manylinux1_i686.manylinux_2_17_i686.manylinux2014_i686.whl", hash = "sha256:61660710b054ae52c8fc10368e91d74719eb05554b631d7f8ca93d21d2bff2e6"},
    {file = "pymongo-3.13.0-cp37-cp37m-manylinux_2_5_i686.manylinux1_i686.whl", hash = "sha256:4bbc0d27dfef7689285e54f2e0a224f0c7cd9d5c46d2638fabad5500b951c92f"},
    {file = "pymongo-3.13.0-cp37-cp37m-manylinux_2_5_x86_64.manylinux1_x86_64.whl", hash = "sha256:9b2ed9c3b30f11cd4a3fbfc22167af7987b01b444215c2463265153fe7cf66d6"},
    {file = "pymongo-3.13.0-cp37-cp37m-win32.whl", hash = "sha256:1c2c5e2b00e2fadcd590c0b2e293d71215e98ed1cb635cfca2be4998d197e534"},
    {file = "pymongo-3.13.0-cp37-cp37m-win_amd64.whl", hash = "sha256:32eac95bbb030b2376ffd897376c6f870222a3457f01a9ce466b9057876132f8"},
    {file = "pymongo-3.13.0-cp38-cp38-macosx_10_9_x86_64.whl", hash = "sha256:a796ef39dadf9d73af05d24937644d386495e43a7d13617aa3651d836da542c8"},
    {file = "pymongo-3.13.0-cp38-cp38-manylinux1_i686.whl", hash = "sha256:b6793baf4639c72a500698a49e9250b293e17ae1faf11ac1699d8141194786fe"},
    {file = "pymongo-3.13.0-cp38-cp38-manylinux1_x86_64.whl", hash = "sha256:80d8576b04d0824f63bf803190359c0d3bcb6e7fa63fefbd4bc0ceaa7faae38c"},
    {file = "pymongo-3.13.0-cp38-cp38-manylinux2014_aarch64.whl", hash = "sha256:db2e11507fe9cc2a722be21ccc62c1b1295398fe9724c1f14900cdc7166fc0d7"},
    {file = "pymongo-3.13.0-cp38-cp38-manylinux2014_i686.whl", hash = "sha256:b01ce58eec5edeededf1992d2dce63fb8565e437be12d6f139d75b15614c4d08"},
    {file = "pymongo-3.13.0-cp38-cp38-manylinux2014_ppc64le.whl", hash = "sha256:d1a19d6c5098f1f4e11430cd74621699453cbc534dd7ade9167e582f50814b19"},
    {file = "pymongo-3.13.0-cp38-cp38-manylinux2014_s390x.whl", hash = "sha256:7219b1a726ced3bacecabef9bd114529bbb69477901373e800d7d0140baadc95"},
    {file = "pymongo-3.13.0-cp38-cp38-manylinux2014_x86_64.whl", hash = "sha256:2dae3b353a10c3767e0aa1c1492f2af388f1012b08117695ab3fd1f219e5814e"},
    {file = "pymongo-3.13.0-cp38-cp38-manylinux_2_17_aarch64.manylinux2014_aarch64.whl", hash = "sha256:12721d926d43d33dd3318e58dce9b0250e8a9c6e1093fa8e09f4805193ff4b43"},
    {file = "pymongo-3.13.0-cp38-cp38-manylinux_2_17_ppc64le.manylinux2014_ppc64le.whl", hash = "sha256:6af0a4b17faf26779d5caee8542a4f2cba040cea27d3bffc476cbc6ccbd4c8ee"},
    {file = "pymongo-3.13.0-cp38-cp38-manylinux_2_17_s390x.manylinux2014_s390x.whl", hash = "sha256:09b9d0f5a445c7e0ddcc021b09835aa6556f0166afc498f57dfdd72cdf6f02ad"},
    {file = "pymongo-3.13.0-cp38-cp38-manylinux_2_17_x86_64.manylinux2014_x86_64.whl", hash = "sha256:db5b4f8ad8607a3d612da1d4c89a84e4cf5c88f98b46365820d9babe5884ba45"},
    {file = "pymongo-3.13.0-cp38-cp38-manylinux_2_5_i686.manylinux1_i686.manylinux_2_17_i686.manylinux2014_i686.whl", hash = "sha256:34dbf5fecf653c152edb75a35a8b15dfdc4549473484ee768aeb12c97983cead"},
    {file = "pymongo-3.13.0-cp38-cp38-manylinux_2_5_i686.manylinux1_i686.whl", hash = "sha256:34cd48df7e1fc69222f296d8f69e3957eb7c6b5aa0709d3467184880ed7538c0"},
    {file = "pymongo-3.13.0-cp38-cp38-manylinux_2_5_x86_64.manylinux1_x86_64.whl", hash = "sha256:c8f755ff1f4ab4ca790d1d6d3229006100b301475948021b6b2757822e0d6c97"},
    {file = "pymongo-3.13.0-cp38-cp38-win32.whl", hash = "sha256:b0746d0d4535f56bbaa63a8f6da362f330804d578e66e126b226eebe76c2bf00"},
    {file = "pymongo-3.13.0-cp38-cp38-win_amd64.whl", hash = "sha256:8ad0515abb132f52ce9d8abd1a29681a1e65dba7b7fe13ea01e1a8db5715bf80"},
    {file = "pymongo-3.13.0-cp39-cp39-macosx_10_9_universal2.whl", hash = "sha256:3c5cb6c93c94df76a879bad4b89db0104b01806d17c2b803c1316ba50962b6d6"},
    {file = "pymongo-3.13.0-cp39-cp39-manylinux1_i686.whl", hash = "sha256:2e0854170813238f0c3131050c67cb1fb1ade75c93bf6cd156c1bd9a16095528"},
    {file = "pymongo-3.13.0-cp39-cp39-manylinux1_x86_64.whl", hash = "sha256:1410faa51ce835cc1234c99ec42e98ab4f3c6f50d92d86a2d4f6e11c97ee7a4e"},
    {file = "pymongo-3.13.0-cp39-cp39-manylinux2014_aarch64.whl", hash = "sha256:d7910135f5de1c5c3578e61d6f4b087715b15e365f11d4fa51a9cee92988b2bd"},
    {file = "pymongo-3.13.0-cp39-cp39-manylinux2014_i686.whl", hash = "sha256:028175dd8d2979a889153a2308e8e500b3df7d9e3fd1c33ca7fdeadf61cc87a2"},
    {file = "pymongo-3.13.0-cp39-cp39-manylinux2014_ppc64le.whl", hash = "sha256:2bfc39276c0e6d07c95bd1088b5003f049e986e089509f7dbd68bb7a4b1e65ac"},
    {file = "pymongo-3.13.0-cp39-cp39-manylinux2014_s390x.whl", hash = "sha256:4092b660ec720d44d3ca81074280dc25c7a3718df1b6c0fe9fe36ac6ed2833e4"},
    {file = "pymongo-3.13.0-cp39-cp39-manylinux2014_x86_64.whl", hash = "sha256:5bdeb71a610a7b801416268e500e716d0fe693fb10d809e17f0fb3dac5be5a34"},
    {file = "pymongo-3.13.0-cp39-cp39-manylinux_2_17_aarch64.manylinux2014_aarch64.whl", hash = "sha256:aa3bca8e76f5c00ed2bb4325e0e383a547d71595926d5275d7c88175aaf7435e"},
    {file = "pymongo-3.13.0-cp39-cp39-manylinux_2_17_ppc64le.manylinux2014_ppc64le.whl", hash = "sha256:7c7cab8155f430ca460a6fc7ae8a705b34f3e279a57adb5f900eb81943ec777c"},
    {file = "pymongo-3.13.0-cp39-cp39-manylinux_2_17_s390x.manylinux2014_s390x.whl", hash = "sha256:4a32f3dfcca4a4816373bdb6256c18c78974ebb3430e7da988516cd95b2bd6e4"},
    {file = "pymongo-3.13.0-cp39-cp39-manylinux_2_17_x86_64.manylinux2014_x86_64.whl", hash = "sha256:30ed2788a6ec68743e2040ab1d16573d7d9f6e7333e45070ce9268cbc93d148c"},
    {file = "pymongo-3.13.0-cp39-cp39-manylinux_2_5_i686.manylinux1_i686.manylinux_2_17_i686.manylinux2014_i686.whl", hash = "sha256:21e61a536ffed84d10376c21c13a6ed1ebefb61989a844952547c229d6aeedf3"},
    {file = "pymongo-3.13.0-cp39-cp39-manylinux_2_5_i686.manylinux1_i686.whl", hash = "sha256:0665412dce26b2318092a33bd2d2327d487c4490cfcde158d6946d39b1e28d78"},
    {file = "pymongo-3.13.0-cp39-cp39-manylinux_2_5_x86_64.manylinux1_x86_64.whl", hash = "sha256:64ed1a5ce5e5926727eb0f87c698c4d9a7a9f7b0953683a65e9ce2b7cc5f8e91"},
    {file = "pymongo-3.13.0-cp39-cp39-win32.whl", hash = "sha256:7593cb1214185a0c5b43b96effc51ce82ddc933298ee36db7dc2bd45d61b4adc"},
    {file = "pymongo-3.13.0-cp39-cp39-win_amd64.whl", hash = "sha256:3cfc9bc1e8b5667bc1f3dbe46d2f85b3f24ff7533893bdc1203058012db2c046"},
    {file = "pymongo-3.13.0.tar.gz", hash = "sha256:e22d6cf5802cd09b674c307cc9e03870b8c37c503ebec3d25b86f2ce8c535dc7"},
]

[package.extras]
aws = ["pymongo-auth-aws (<2.0.0)"]
encryption = ["pymongocrypt (>=1.1.0,<2.0.0)"]
gssapi = ["pykerberos"]
ocsp = ["certifi", "pyopenssl (>=17.2.0)", "requests (<3.0.0)", "service-identity (>=18.1.0)"]
snappy = ["python-snappy"]
srv = ["dnspython (>=1.16.0,<1.17.0)"]
tls = ["ipaddress"]
zstd = ["zstandard"]

[package.source]
type = "legacy"
url = "https://pypi.repo.ops.example.com/upstream/pypi.org/simple"
reference = "PyPI proxy"

[[package]]
name = "python-dateutil"
version = "2.9.0.post0"
description = "Extensions to the standard Python datetime module"
optional = false
python-versions = "!=3.0.*,!=3.1.*,!=3.2.*,>=2.7"
files = [
    {file = "python-dateutil-2.9.0.post0.tar.gz", hash = "sha256:37dd54208da7e1cd875388217d5e00ebd4179249f90fb72437e91a35459a0ad3"},
    {file = "python_dateutil-2.9.0.post0-py2.py3-none-any.whl", hash = "sha256:a8b2bc7bffae282281c8140a97d3aa9c14da0b136dfe83f850eea9a5f7470427"},
]

[package.dependencies]
six = ">=1.5"

[package.extras]
all = ["flake8 (>=7.1.1)", "mypy (>=1.11.2)", "pytest (>=8.3.2)", "ruff (>=0.6.2)"]

[package.source]
type = "legacy"
url = "https://pypi.repo.ops.example.com/upstream/pypi.org/simple"
reference = "PyPI proxy"

[[package]]
name = "python-fastrpc-static"
version = "8.0.8.8.0.20"
description = "FastRPC -- Fast RPC library compatible with XML-RPC"
optional = false
python-versions = "*"
files = [
    {file = "python_fastrpc_static-8.0.8.8.0.20-cp310-cp310-linux_x86_64.whl", hash = "sha256:5f55e1047ae0f223cf6c4ad13bb5a12eba599850a33fa91eed31072867cde231"},
    {file = "python_fastrpc_static-8.0.8.8.0.20-cp311-cp311-linux_x86_64.whl", hash = "sha256:4248267310754f1d9d8c96c629350341eee2e02928740b2fd2eadefdc1d512d3"},
    {file = "python_fastrpc_static-8.0.8.8.0.20-cp311-cp311-macosx_13_0_arm64.whl", hash = "sha256:e07121ee0fe43dab5c3075efd73e86ae1f9dbcee202cc14283fce3d34f13183f"},
    {file = "python_fastrpc_static-8.0.8.8.0.20-cp311-cp311-macosx_15_0_arm64.whl", hash = "sha256:7700454d95696b8ad3197348bf45b5ba50cbd2a67ed15040e017c4b6979dd890"},
    {file = "python_fastrpc_static-8.0.8.8.0.20-cp34-cp34m-linux_x86_64.whl", hash = "sha256:77598280e0e85c5756790464c54d528a7b1c847a7b5a800ea904b4c72b58704d"},
    {file = "python_fastrpc_static-8.0.8.8.0.20-cp35-cp35m-linux_x86_64.whl", hash = "sha256:30a556f511fd41e30beca280368c255fa93909f4834d01812155d6277b2f4e25"},
    {file = "python_fastrpc_static-8.0.8.8.0.20-cp36-cp36m-linux_x86_64.whl", hash = "sha256:b70f415f04faa7fb6c946fe08051b95957143dd4d3b399a22618da543230302c"},
    {file = "python_fastrpc_static-8.0.8.8.0.20-cp37-cp37m-linux_x86_64.whl", hash = "sha256:c957dca8513db3f7c6c1a0b27f7080d223908b55621815f2665f28a813b49b5a"},
    {file = "python_fastrpc_static-8.0.8.8.0.20-cp38-cp38-linux_x86_64.whl", hash = "sha256:e0db244097a72669971d233c05856859bce39675c0b5d11ddb6ed0363450841f"},
    {file = "python_fastrpc_static-8.0.8.8.0.20-cp38-cp38-macosx_13_0_arm64.whl", hash = "sha256:d31b80975ae2d8dc8ae0bff59223a2388681fad14f104591f321d7b47905ca8a"},
    {file = "python_fastrpc_static-8.0.8.8.0.20-cp38-cp38-macosx_14_0_arm64.whl", hash = "sha256:dcd98b3442350f791b4246a84ab37fdee9c467dc96df07580926ed3dbf731a57"},
    {file = "python_fastrpc_static-8.0.8.8.0.20-cp39-cp39-linux_x86_64.whl", hash = "sha256:ae97f4be837dbf3dad39568ed6520c4245d60b9a75c97c0003672016bccadd72"},
    {file = "python_fastrpc_static-8.0.8.8.0.20-cp39-cp39-macosx_14_0_arm64.whl", hash = "sha256:77a53b5b11a276c4ee7cb03b82a148c38b59663323cf8b98feba1cd6754eaaca"},
    {file = "python_fastrpc_static-8.0.8.8.0.20-cp39-cp39-macosx_15_0_arm64.whl", hash = "sha256:d4d58527cc31ef1a85cd9aaef9cd94ed99679c9514a509580237bd1c5aacd3ec"},
]

[package.source]
type = "legacy"
url = "https://pypi.repo.ops.example.com/local/simple"
reference = "example-company PyPI"

[[package]]
name = "pytz"
version = "2024.2"
description = "World timezone definitions, modern and historical"
optional = false
python-versions = "*"
files = [
    {file = "pytz-2024.2-py2.py3-none-any.whl", hash = "sha256:31c7c1817eb7fae7ca4b8c7ee50c72f93aa2dd863de768e1ef4245d426aa0725"},
    {file = "pytz-2024.2.tar.gz", hash = "sha256:2aa355083c50a0f93fa581709deac0c9ad65cca8a9e9beac660adcbd493c798a"},
]

[package.source]
type = "legacy"
url = "https://pypi.repo.ops.example.com/upstream/pypi.org/simple"
reference = "PyPI proxy"

[[package]]
name = "sentry-sdk"
version = "1.45.1"
description = "Python client for Sentry (https://sentry.io)"
optional = false
python-versions = "*"
files = [
    {file = "sentry_sdk-1.45.1-py2.py3-none-any.whl", hash = "sha256:608887855ccfe39032bfd03936e3a1c4f4fc99b3a4ac49ced54a4220de61c9c1"},
    {file = "sentry_sdk-1.45.1.tar.gz", hash = "sha256:a16c997c0f4e3df63c0fc5e4207ccb1ab37900433e0f72fef88315d317829a26"},
]

[package.dependencies]
certifi = "*"
urllib3 = {version = ">=1.26.11", markers = "python_version >= \"3.6\""}

[package.extras]
aiohttp = ["aiohttp (>=3.5)"]
arq = ["arq (>=0.23)"]
asyncpg = ["asyncpg (>=0.23)"]
beam = ["apache-beam (>=2.12)"]
bottle = ["bottle (>=0.12.13)"]
celery = ["celery (>=3)"]
celery-redbeat = ["celery-redbeat (>=2)"]
chalice = ["chalice (>=1.16.0)"]
clickhouse-driver = ["clickhouse-driver (>=0.2.0)"]
django = ["django (>=1.8)"]
falcon = ["falcon (>=1.4)"]
fastapi = ["fastapi (>=0.79.0)"]
flask = ["blinker (>=1.1)", "flask (>=0.11)", "markupsafe"]
grpcio = ["grpcio (>=1.21.1)"]
httpx = ["httpx (>=0.16.0)"]
huey = ["huey (>=2)"]
loguru = ["loguru (>=0.5)"]
openai = ["openai (>=1.0.0)", "tiktoken (>=0.3.0)"]
opentelemetry = ["opentelemetry-distro (>=0.35b0)"]
opentelemetry-experimental = ["opentelemetry-distro (>=0.40b0,<1.0)", "opentelemetry-instrumentation-aiohttp-client (>=0.40b0,<1.0)", "opentelemetry-instrumentation-django (>=0.40b0,<1.0)", "opentelemetry-instrumentation-fastapi (>=0.40b0,<1.0)", "opentelemetry-instrumentation-flask (>=0.40b0,<1.0)", "opentelemetry-instrumentation-requests (>=0.40b0,<1.0)", "opentelemetry-instrumentation-sqlite3 (>=0.40b0,<1.0)", "opentelemetry-instrumentation-urllib (>=0.40b0,<1.0)"]
pure-eval = ["asttokens", "executing", "pure-eval"]
pymongo = ["pymongo (>=3.1)"]
pyspark = ["pyspark (>=2.4.4)"]
quart = ["blinker (>=1.1)", "quart (>=0.16.1)"]
rq = ["rq (>=0.6)"]
sanic = ["sanic (>=0.8)"]
sqlalchemy = ["sqlalchemy (>=1.2)"]
starlette = ["starlette (>=0.19.1)"]
starlite = ["starlite (>=1.48)"]
tornado = ["tornado (>=5)"]

[package.source]
type = "legacy"
url = "https://pypi.repo.ops.example.com/upstream/pypi.org/simple"
reference = "PyPI proxy"

[[package]]
name = "six"
version = "1.17.0"
description = "Python 2 and 3 compatibility utilities"
optional = false
python-versions = ">=2.7, !=3.0.*, !=3.1.*, !=3.2.*"
files = [
    {file = "six-1.17.0-py2.py3-none-any.whl", hash = "sha256:4721f391ed90541fddacab5acf947aa0d3dc7d27b2e1e8eda2be8970586c3274"},
    {file = "six-1.17.0.tar.gz", hash = "sha256:ff70335d468e7eb6ec65b95b99d3a2836546063f63acc5171de367e834932a81"},
]

[package.source]
type = "legacy"
url = "https://pypi.repo.ops.example.com/upstream/pypi.org/simple"
reference = "PyPI proxy"

[[package]]
name = "str2bool"
version = "1.1"
description = "Convert string to boolean"
optional = false
python-versions = "*"
files = [
    {file = "str2bool-1.1.zip", hash = "sha256:dbc3c917dca831904bce8568f6fb1f91435fcffc2ec4a46d62c9aa08d7cf77c3"},
]

[package.source]
type = "legacy"
url = "https://pypi.repo.ops.example.com/upstream/pypi.org/simple"
reference = "PyPI proxy"

[[package]]
name = "unclaimed-org-python-metaserver-gendoc"
version = "4.2.0"
description = "Metaserver help generator from doc strings"
optional = false
python-versions = "*"
files = [
    {file = "example_python_metaserver_gendoc-4.2.0-py3-none-any.whl", hash = "sha256:cf91ce68731328ec4a8b04d21efdf6590a34ffae4dd3e5f2b1e3a165c3e0bf58"},
]

[package.extras]
urllib3-fastrpc = ["unclaimed-org-urllib3-client"]

[package.source]
type = "legacy"
url = "https://pypi.repo.ops.example.com/local/simple"
reference = "example-company PyPI"

[[package]]
name = "unclaimed-org-gridlogger"
version = "3.0.0"
description = "Project logging format configuration library"
optional = false
python-versions = "*"
files = [
    {file = "unclaimed_org_gridlogger-3.0.0-py2.py3-none-any.whl", hash = "sha256:49229c9e87f01b0d6ca2b96017137b3cca2a3708854e6cea84aa801ed887deb7"},
]

[package.dependencies]
future = "*"

[package.extras]
docs = ["sphinx"]

[package.source]
type = "legacy"
url = "https://pypi.repo.ops.example.com/local/simple"
reference = "example-company PyPI"

[[package]]
name = "unclaimed-org-imp-tornado"
version = "4.23.3"
description = "Project simple server library build on top of tornado"
optional = false
python-versions = ">=3.9,<4.0"
files = [
    {file = "unclaimed_org_imp_tornado-4.23.3-py3-none-any.whl", hash = "sha256:d2b48ca992f9adb4bca365f41904bfd3bc0f94d75a785eb9b511e7082a7a5b8a"},
]

[package.dependencies]
prometheus_client = ">=0.14.1,<0.15.0"
python-fastrpc-static = ">=8.0,<9.0"
sentry-sdk = ">=1.9.2,<2.0.0"
str2bool = ">=1.1,<2.0"
unclaimed-org-python-metaserver-gendoc = {version = ">=4.2,<5.0", optional = true, markers = "extra == \"gendoc\""}
unclaimed-org-gridlogger = ">=3.0.0,<4.0.0"
tornado = ">=6.0,<7.0"
unclaimed-org-testtest = {version = ">=1.0.0", optional = true, markers = "extra == \"test\""}

[package.extras]
coverage = ["coverage (>=4.5.4)"]
gendoc = ["unclaimed-org-python-metaserver-gendoc (>=4.2,<5.0)"]
opentracing = ["jaeger-client (>=4.8.0,<5.0.0)", "opentracing (>=2.4.0,<3.0.0)"]

[package.source]
type = "legacy"
url = "https://pypi.repo.ops.example.com/local/simple"
reference = "example-company PyPI"

[[package]]
name = "tornado"
version = "6.4.2"
description = "Tornado is a Python web framework and asynchronous networking library, originally developed at FriendFeed."
optional = false
python-versions = ">= 3.8"
files = [
    {file = "tornado-6.4.2-cp38-abi3-macosx_10_9_universal2.whl", hash = "sha256:e828cce1123e9e44ae2a50a9de3055497ab1d0aeb440c5ac23064d9e44880da1"},
    {file = "tornado-6.4.2-cp38-abi3-macosx_10_9_x86_64.whl", hash = "sha256:072ce12ada169c5b00b7d92a99ba089447ccc993ea2143c9ede887e0937aa803"},
    {file = "tornado-6.4.2-cp38-abi3-manylinux_2_17_aarch64.manylinux2014_aarch64.whl", hash = "sha256:1a017d239bd1bb0919f72af256a970624241f070496635784d9bf0db640d3fec"},
    {file = "tornado-6.4.2-cp38-abi3-manylinux_2_5_i686.manylinux1_i686.manylinux_2_17_i686.manylinux2014_i686.whl", hash = "sha256:c36e62ce8f63409301537222faffcef7dfc5284f27eec227389f2ad11b09d946"},
    {file = "tornado-6.4.2-cp38-abi3-manylinux_2_5_x86_64.manylinux1_x86_64.manylinux_2_17_x86_64.manylinux2014_x86_64.whl", hash = "sha256:bca9eb02196e789c9cb5c3c7c0f04fb447dc2adffd95265b2c7223a8a615ccbf"},
    {file = "tornado-6.4.2-cp38-abi3-musllinux_1_2_aarch64.whl", hash = "sha256:304463bd0772442ff4d0f5149c6f1c2135a1fae045adf070821c6cdc76980634"},
    {file = "tornado-6.4.2-cp38-abi3-musllinux_1_2_i686.whl", hash = "sha256:c82c46813ba483a385ab2a99caeaedf92585a1f90defb5693351fa7e4ea0bf73"},
    {file = "tornado-6.4.2-cp38-abi3-musllinux_1_2_x86_64.whl", hash = "sha256:932d195ca9015956fa502c6b56af9eb06106140d844a335590c1ec7f5277d10c"},
    {file = "tornado-6.4.2-cp38-abi3-win32.whl", hash = "sha256:2876cef82e6c5978fde1e0d5b1f919d756968d5b4282418f3146b79b58556482"},
    {file = "tornado-6.4.2-cp38-abi3-win_amd64.whl", hash = "sha256:908b71bf3ff37d81073356a5fadcc660eb10c1476ee6e2725588626ce7e5ca38"},
    {file = "tornado-6.4.2.tar.gz", hash = "sha256:92bad5b4746e9879fd7bf1eb21dce4e3fc5128d71601f80005afa39237ad620b"},
]

[package.source]
type = "legacy"
url = "https://pypi.repo.ops.example.com/upstream/pypi.org/simple"
reference = "PyPI proxy"

[[package]]
name = "urllib3"
version = "2.3.0"
description = "HTTP library with thread-safe connection pooling, file post, and more."
optional = false
python-versions = ">=3.9"
files = [
    {file = "urllib3-2.3.0-py3-none-any.whl", hash = "sha256:1cee9ad369867bfdbbb48b7dd50374c0967a0bb7710050facf0dd6911440e3df"},
    {file = "urllib3-2.3.0.tar.gz", hash = "sha256:f8c5449b3cf0861679ce7e0503c7b44b5ec981bec0d1d3795a07f1ba96f0204d"},
]

[package.extras]
brotli = ["brotli (>=1.0.9)", "brotlicffi (>=0.8.0)"]
h2 = ["h2 (>=4,<5)"]
socks = ["pysocks (>=1.5.6,!=1.5.7,<2.0)"]
zstd = ["zstandard (>=0.18.0)"]

[package.source]
type = "legacy"
url = "https://pypi.repo.ops.example.com/upstream/pypi.org/simple"
reference = "PyPI proxy"

[metadata]
lock-version = "2.0"
python-versions = "^3.11"
content-hash = "219cdea0dc3c6ea07b93a18cbe7ebb67859e8a678c5cebfec10f3d7531b4d399"
